
Microsoft Visual Studio Solution File, Format Version 12.00
# Visual Studio Version 17
VisualStudioVersion = 17.5.33530.505
MinimumVisualStudioVersion = 10.0.40219.1
Project("{FAE04EC0-301F-11D3-BF4B-00C04F79EFBC}") = "ApiClientes", "ApiClientes\ApiClientes.csproj", "{1EF7EA17-85E4-4833-9183-CB41049A40DA}"
EndProject
Project("{FAE04EC0-301F-11D3-BF4B-00C04F79EFBC}") = "ApiClientes.Data", "ApiClientes.Data\ApiClientes.Data.csproj", "{B778DCAC-2134-461A-A9F5-747235BF7A73}"
EndProject
Project("{FAE04EC0-301F-11D3-BF4B-00C04F79EFBC}") = "ApiClientes.Model", "ApiClientes.Model\ApiClientes.Model.csproj", "{136A5439-671E-4197-BF7C-9BC4A395BC34}"
EndProject
Global
	GlobalSection(SolutionConfigurationPlatforms) = preSolution
		Debug|Any CPU = Debug|Any CPU
		Release|Any CPU = Release|Any CPU
	EndGlobalSection
	GlobalSection(ProjectConfigurationPlatforms) = postSolution
		{1EF7EA17-85E4-4833-9183-CB41049A40DA}.Debug|Any CPU.ActiveCfg = Debug|Any CPU
		{1EF7EA17-85E4-4833-9183-CB41049A40DA}.Debug|Any CPU.Build.0 = Debug|Any CPU
		{1EF7EA17-85E4-4833-9183-CB41049A40DA}.Release|Any CPU.ActiveCfg = Release|Any CPU
		{1EF7EA17-85E4-4833-9183-CB41049A40DA}.Release|Any CPU.Build.0 = Release|Any CPU
		{B778DCAC-2134-461A-A9F5-747235BF7A73}.Debug|Any CPU.ActiveCfg = Debug|Any CPU
		{B778DCAC-2134-461A-A9F5-747235BF7A73}.Debug|Any CPU.Build.0 = Debug|Any CPU
		{B778DCAC-2134-461A-A9F5-747235BF7A73}.Release|Any CPU.ActiveCfg = Release|Any CPU
		{B778DCAC-2134-461A-A9F5-747235BF7A73}.Release|Any CPU.Build.0 = Release|Any CPU
		{136A5439-671E-4197-BF7C-9BC4A395BC34}.Debug|Any CPU.ActiveCfg = Debug|Any CPU
		{136A5439-671E-4197-BF7C-9BC4A395BC34}.Debug|Any CPU.Build.0 = Debug|Any CPU
		{136A5439-671E-4197-BF7C-9BC4A395BC34}.Release|Any CPU.ActiveCfg = Release|Any CPU
		{136A5439-671E-4197-BF7C-9BC4A395BC34}.Release|Any CPU.Build.0 = Release|Any CPU
	EndGlobalSection
	GlobalSection(SolutionProperties) = preSolution
		HideSolutionNode = FALSE
	EndGlobalSection
	GlobalSection(ExtensibilityGlobals) = postSolution
		SolutionGuid = {F379E6DB-0AFE-4040-B6A3-18ED85B4CE68}
	EndGlobalSection
EndGlobal
